
Microsoft Visual Studio Solution File, Format Version 12.00
# Visual Studio Version 17
VisualStudioVersion = 17.3.32825.248
MinimumVisualStudioVersion = 10.0.40219.1
Project("{FAE04EC0-301F-11D3-BF4B-00C04F79EFBC}") = "RangeCheck", "RangeCheck\RangeCheck.csproj", "{4291FD65-82EE-4911-B416-7CBF8AC2EB75}"
EndProject
Global
	GlobalSection(SolutionConfigurationPlatforms) = preSolution
		Debug|Any CPU = Debug|Any CPU
		Release|Any CPU = Release|Any CPU
	EndGlobalSection
	GlobalSection(ProjectConfigurationPlatforms) = postSolution
		{4291FD65-82EE-4911-B416-7CBF8AC2EB75}.Debug|Any CPU.ActiveCfg = Debug|Any CPU
		{4291FD65-82EE-4911-B416-7CBF8AC2EB75}.Debug|Any CPU.Build.0 = Debug|Any CPU
		{4291FD65-82EE-4911-B416-7CBF8AC2EB75}.Release|Any CPU.ActiveCfg = Release|Any CPU
		{4291FD65-82EE-4911-B416-7CBF8AC2EB75}.Release|Any CPU.Build.0 = Release|Any CPU
	EndGlobalSection
	GlobalSection(SolutionProperties) = preSolution
		HideSolutionNode = FALSE
	EndGlobalSection
	GlobalSection(ExtensibilityGlobals) = postSolution
		SolutionGuid = {1C9D7DAD-EAA9-4636-9B7D-E422DFE745A6}
	EndGlobalSection
EndGlobal
